{
    "version": 3,
    "terraform_version": "0.10.7",
    "serial": 4,
    "lineage": "61fb049c-0e90-4c12-82c8-e07d533cdb51",
    "modules": [
        {
            "path": [
                "root"
            ],
            "outputs": {
                "Enjoy it!!  ==\u003e ": {
                    "sensitive": false,
                    "type": "string",
                    "value": "alb-myinstance-1303496980.us-east-1.elb.amazonaws.com/en"
                }
            },
            "resources": {
                "aws_alb.loadBalancer": {
                    "type": "aws_alb",
                    "depends_on": [
                        "data.terraform_remote_state.vpc",
                        "module.loadbalancer_sg"
                    ],
                    "primary": {
                        "id": "arn:aws:elasticloadbalancing:us-east-1:480169284926:loadbalancer/app/alb-myinstance/cda1b7d3a6aa9f3e",
                        "attributes": {
                            "access_logs.#": "0",
                            "arn": "arn:aws:elasticloadbalancing:us-east-1:480169284926:loadbalancer/app/alb-myinstance/cda1b7d3a6aa9f3e",
                            "arn_suffix": "app/alb-myinstance/cda1b7d3a6aa9f3e",
                            "dns_name": "alb-myinstance-1303496980.us-east-1.elb.amazonaws.com",
                            "enable_deletion_protection": "false",
                            "id": "arn:aws:elasticloadbalancing:us-east-1:480169284926:loadbalancer/app/alb-myinstance/cda1b7d3a6aa9f3e",
                            "idle_timeout": "60",
                            "internal": "false",
                            "ip_address_type": "ipv4",
                            "load_balancer_type": "application",
                            "name": "alb-myinstance",
                            "security_groups.#": "1",
                            "security_groups.3055617976": "sg-968ee2e4",
                            "subnets.#": "2",
                            "subnets.155164851": "subnet-4e41a161",
                            "subnets.161237000": "subnet-2d27a649",
                            "tags.%": "0",
                            "vpc_id": "vpc-4d459935",
                            "zone_id": "Z35SXDOTRQ7X7K"
                        },
                        "meta": {
                            "e2bfb730-ecaa-11e6-8f88-34363bc7c4c0": {
                                "create": 600000000000,
                                "delete": 600000000000,
                                "update": 600000000000
                            }
                        },
                        "tainted": false
                    },
                    "deposed": [],
                    "provider": ""
                },
                "aws_alb_listener.albListeners": {
                    "type": "aws_alb_listener",
                    "depends_on": [
                        "aws_alb.loadBalancer",
                        "aws_alb_target_group.targetGroup"
                    ],
                    "primary": {
                        "id": "arn:aws:elasticloadbalancing:us-east-1:480169284926:listener/app/alb-myinstance/cda1b7d3a6aa9f3e/d683918ebc781c63",
                        "attributes": {
                            "arn": "arn:aws:elasticloadbalancing:us-east-1:480169284926:listener/app/alb-myinstance/cda1b7d3a6aa9f3e/d683918ebc781c63",
                            "default_action.#": "1",
                            "default_action.0.target_group_arn": "arn:aws:elasticloadbalancing:us-east-1:480169284926:targetgroup/tg-myinstance/b50915e558551d35",
                            "default_action.0.type": "forward",
                            "id": "arn:aws:elasticloadbalancing:us-east-1:480169284926:listener/app/alb-myinstance/cda1b7d3a6aa9f3e/d683918ebc781c63",
                            "load_balancer_arn": "arn:aws:elasticloadbalancing:us-east-1:480169284926:loadbalancer/app/alb-myinstance/cda1b7d3a6aa9f3e",
                            "port": "80",
                            "protocol": "HTTP",
                            "ssl_policy": ""
                        },
                        "meta": {},
                        "tainted": false
                    },
                    "deposed": [],
                    "provider": ""
                },
                "aws_alb_target_group.targetGroup": {
                    "type": "aws_alb_target_group",
                    "depends_on": [
                        "data.terraform_remote_state.vpc"
                    ],
                    "primary": {
                        "id": "arn:aws:elasticloadbalancing:us-east-1:480169284926:targetgroup/tg-myinstance/b50915e558551d35",
                        "attributes": {
                            "arn": "arn:aws:elasticloadbalancing:us-east-1:480169284926:targetgroup/tg-myinstance/b50915e558551d35",
                            "arn_suffix": "targetgroup/tg-myinstance/b50915e558551d35",
                            "deregistration_delay": "300",
                            "health_check.#": "1",
                            "health_check.0.healthy_threshold": "5",
                            "health_check.0.interval": "15",
                            "health_check.0.matcher": "200",
                            "health_check.0.path": "/en",
                            "health_check.0.port": "traffic-port",
                            "health_check.0.protocol": "HTTP",
                            "health_check.0.timeout": "3",
                            "health_check.0.unhealthy_threshold": "2",
                            "id": "arn:aws:elasticloadbalancing:us-east-1:480169284926:targetgroup/tg-myinstance/b50915e558551d35",
                            "name": "tg-myinstance",
                            "port": "8080",
                            "protocol": "HTTP",
                            "stickiness.#": "1",
                            "stickiness.0.cookie_duration": "86400",
                            "stickiness.0.enabled": "false",
                            "stickiness.0.type": "lb_cookie",
                            "tags.%": "0",
                            "vpc_id": "vpc-4d459935"
                        },
                        "meta": {},
                        "tainted": false
                    },
                    "deposed": [],
                    "provider": ""
                },
                "aws_autoscaling_group.AutoScalingGroup": {
                    "type": "aws_autoscaling_group",
                    "depends_on": [
                        "aws_alb_target_group.targetGroup",
                        "aws_launch_configuration.launchConfiguration",
                        "data.terraform_remote_state.vpc"
                    ],
                    "primary": {
                        "id": "asg-myinstance",
                        "attributes": {
                            "arn": "arn:aws:autoscaling:us-east-1:480169284926:autoScalingGroup:5ee89b22-7c0f-4cb2-9be6-ed5453d2b870:autoScalingGroupName/asg-myinstance",
                            "availability_zones.#": "2",
                            "availability_zones.1305112097": "us-east-1b",
                            "availability_zones.3569565595": "us-east-1a",
                            "default_cooldown": "300",
                            "desired_capacity": "1",
                            "force_delete": "false",
                            "health_check_grace_period": "300",
                            "health_check_type": "EC2",
                            "id": "asg-myinstance",
                            "launch_configuration": "lc-myinstance20171022235544781200000001",
                            "load_balancers.#": "0",
                            "max_size": "3",
                            "metrics_granularity": "1Minute",
                            "min_size": "1",
                            "name": "asg-myinstance",
                            "placement_group": "",
                            "protect_from_scale_in": "false",
                            "suspended_processes.#": "0",
                            "tag.#": "1",
                            "tag.2415987612.key": "Name",
                            "tag.2415987612.propagate_at_launch": "true",
                            "tag.2415987612.value": "myinstance",
                            "target_group_arns.#": "1",
                            "target_group_arns.4058227754": "arn:aws:elasticloadbalancing:us-east-1:480169284926:targetgroup/tg-myinstance/b50915e558551d35",
                            "termination_policies.#": "0",
                            "vpc_zone_identifier.#": "2",
                            "vpc_zone_identifier.1329254472": "subnet-c742a2e8",
                            "vpc_zone_identifier.3213808895": "subnet-5121a035",
                            "wait_for_capacity_timeout": "10m"
                        },
                        "meta": {
                            "e2bfb730-ecaa-11e6-8f88-34363bc7c4c0": {
                                "delete": 600000000000
                            }
                        },
                        "tainted": false
                    },
                    "deposed": [],
                    "provider": ""
                },
                "aws_autoscaling_policy.CpuHighUtilization": {
                    "type": "aws_autoscaling_policy",
                    "depends_on": [
                        "aws_autoscaling_group.AutoScalingGroup"
                    ],
                    "primary": {
                        "id": "scale-up-myinstance",
                        "attributes": {
                            "adjustment_type": "ChangeInCapacity",
                            "arn": "arn:aws:autoscaling:us-east-1:480169284926:scalingPolicy:a71ae8f0-2868-476b-9a5f-8611b01f2f02:autoScalingGroupName/asg-myinstance:policyName/scale-up-myinstance",
                            "autoscaling_group_name": "asg-myinstance",
                            "cooldown": "300",
                            "estimated_instance_warmup": "0",
                            "id": "scale-up-myinstance",
                            "metric_aggregation_type": "",
                            "min_adjustment_step": "0",
                            "name": "scale-up-myinstance",
                            "policy_type": "SimpleScaling",
                            "scaling_adjustment": "1",
                            "step_adjustment.#": "0"
                        },
                        "meta": {},
                        "tainted": false
                    },
                    "deposed": [],
                    "provider": ""
                },
                "aws_autoscaling_policy.CpuLowUtilization": {
                    "type": "aws_autoscaling_policy",
                    "depends_on": [
                        "aws_autoscaling_group.AutoScalingGroup"
                    ],
                    "primary": {
                        "id": "scale-down-myinstance",
                        "attributes": {
                            "adjustment_type": "ChangeInCapacity",
                            "arn": "arn:aws:autoscaling:us-east-1:480169284926:scalingPolicy:1e9d5045-c02b-4b3e-9308-0a7733357ff3:autoScalingGroupName/asg-myinstance:policyName/scale-down-myinstance",
                            "autoscaling_group_name": "asg-myinstance",
                            "cooldown": "300",
                            "estimated_instance_warmup": "0",
                            "id": "scale-down-myinstance",
                            "metric_aggregation_type": "",
                            "min_adjustment_step": "0",
                            "name": "scale-down-myinstance",
                            "policy_type": "SimpleScaling",
                            "scaling_adjustment": "-1",
                            "step_adjustment.#": "0"
                        },
                        "meta": {},
                        "tainted": false
                    },
                    "deposed": [],
                    "provider": ""
                },
                "aws_cloudwatch_metric_alarm.CpuHighUtilization": {
                    "type": "aws_cloudwatch_metric_alarm",
                    "depends_on": [
                        "aws_autoscaling_group.AutoScalingGroup",
                        "aws_autoscaling_policy.CpuHighUtilization"
                    ],
                    "primary": {
                        "id": "CpuHigh-myinstance",
                        "attributes": {
                            "actions_enabled": "true",
                            "alarm_actions.#": "1",
                            "alarm_actions.3040863454": "arn:aws:autoscaling:us-east-1:480169284926:scalingPolicy:a71ae8f0-2868-476b-9a5f-8611b01f2f02:autoScalingGroupName/asg-myinstance:policyName/scale-up-myinstance",
                            "alarm_description": "Adiciona 1 instancia caso o ASG esteja com CPU acima de 45% por 4 minutos.",
                            "alarm_name": "CpuHigh-myinstance",
                            "comparison_operator": "GreaterThanOrEqualToThreshold",
                            "dimensions.%": "1",
                            "dimensions.AutoScalingGroupName": "asg-myinstance",
                            "evaluate_low_sample_count_percentiles": "",
                            "evaluation_periods": "1",
                            "extended_statistic": "",
                            "id": "CpuHigh-myinstance",
                            "insufficient_data_actions.#": "0",
                            "metric_name": "CPUUtilization",
                            "namespace": "AWS/EC2",
                            "ok_actions.#": "0",
                            "period": "120",
                            "statistic": "Average",
                            "threshold": "45",
                            "treat_missing_data": "missing",
                            "unit": ""
                        },
                        "meta": {
                            "schema_version": "1"
                        },
                        "tainted": false
                    },
                    "deposed": [],
                    "provider": ""
                },
                "aws_cloudwatch_metric_alarm.CpuLowUtilization": {
                    "type": "aws_cloudwatch_metric_alarm",
                    "depends_on": [
                        "aws_autoscaling_group.AutoScalingGroup",
                        "aws_autoscaling_policy.CpuLowUtilization"
                    ],
                    "primary": {
                        "id": "CpuLow-myinstance",
                        "attributes": {
                            "actions_enabled": "true",
                            "alarm_actions.#": "1",
                            "alarm_actions.2659128588": "arn:aws:autoscaling:us-east-1:480169284926:scalingPolicy:1e9d5045-c02b-4b3e-9308-0a7733357ff3:autoScalingGroupName/asg-myinstance:policyName/scale-down-myinstance",
                            "alarm_description": "Remove 1 instancia caso o ASG esteja com CPU abaixo de 15% por 10 minutos consecutivos",
                            "alarm_name": "CpuLow-myinstance",
                            "comparison_operator": "LessThanOrEqualToThreshold",
                            "dimensions.%": "1",
                            "dimensions.AutoScalingGroupName": "asg-myinstance",
                            "evaluate_low_sample_count_percentiles": "",
                            "evaluation_periods": "2",
                            "extended_statistic": "",
                            "id": "CpuLow-myinstance",
                            "insufficient_data_actions.#": "0",
                            "metric_name": "CPUUtilization",
                            "namespace": "AWS/EC2",
                            "ok_actions.#": "0",
                            "period": "300",
                            "statistic": "Average",
                            "threshold": "15",
                            "treat_missing_data": "missing",
                            "unit": ""
                        },
                        "meta": {
                            "schema_version": "1"
                        },
                        "tainted": false
                    },
                    "deposed": [],
                    "provider": ""
                },
                "aws_iam_instance_profile.instProfile": {
                    "type": "aws_iam_instance_profile",
                    "depends_on": [
                        "aws_iam_role.iamRole"
                    ],
                    "primary": {
                        "id": "terraform-20171020211558473400000001",
                        "attributes": {
                            "arn": "arn:aws:iam::480169284926:instance-profile/terraform-20171020211558473400000001",
                            "id": "terraform-20171020211558473400000001",
                            "name": "terraform-20171020211558473400000001",
                            "path": "/",
                            "role": "iam-myinstance",
                            "roles.#": "1",
                            "roles.2225811898": "iam-myinstance",
                            "unique_id": "AIPAI45LXK5FSBPBDGMKO"
                        },
                        "meta": {},
                        "tainted": false
                    },
                    "deposed": [],
                    "provider": ""
                },
                "aws_iam_policy.iamPolicy": {
                    "type": "aws_iam_policy",
                    "depends_on": [
                        "data.aws_iam_policy_document.dataPolicy"
                    ],
                    "primary": {
                        "id": "arn:aws:iam::480169284926:policy/myinstance-policy",
                        "attributes": {
                            "arn": "arn:aws:iam::480169284926:policy/myinstance-policy",
                            "description": "IAM Policy for myinstance",
                            "id": "arn:aws:iam::480169284926:policy/myinstance-policy",
                            "name": "myinstance-policy",
                            "path": "/",
                            "policy": "{\n  \"Version\": \"2012-10-17\",\n  \"Statement\": [\n    {\n      \"Sid\": \"\",\n      \"Effect\": \"Allow\",\n      \"Action\": [\n        \"ec2:DescribeTags\",\n        \"ec2:CreateTags\"\n      ],\n      \"Resource\": \"*\"\n    }\n  ]\n}"
                        },
                        "meta": {},
                        "tainted": false
                    },
                    "deposed": [],
                    "provider": ""
                },
                "aws_iam_policy_attachment.policyAttach": {
                    "type": "aws_iam_policy_attachment",
                    "depends_on": [
                        "aws_iam_policy.iamPolicy",
                        "aws_iam_role.iamRole"
                    ],
                    "primary": {
                        "id": "attach-myinstance",
                        "attributes": {
                            "groups.#": "0",
                            "id": "attach-myinstance",
                            "name": "attach-myinstance",
                            "policy_arn": "arn:aws:iam::480169284926:policy/myinstance-policy",
                            "roles.#": "1",
                            "roles.2225811898": "iam-myinstance",
                            "users.#": "0"
                        },
                        "meta": {},
                        "tainted": false
                    },
                    "deposed": [],
                    "provider": ""
                },
                "aws_iam_role.iamRole": {
                    "type": "aws_iam_role",
                    "depends_on": [
                        "data.aws_iam_policy_document.dataInstancePolicy"
                    ],
                    "primary": {
                        "id": "iam-myinstance",
                        "attributes": {
                            "arn": "arn:aws:iam::480169284926:role/iam-myinstance",
                            "assume_role_policy": "{\"Version\":\"2012-10-17\",\"Statement\":[{\"Sid\":\"\",\"Effect\":\"Allow\",\"Principal\":{\"Service\":\"ec2.amazonaws.com\"},\"Action\":\"sts:AssumeRole\"}]}",
                            "create_date": "2017-10-20T21:15:57Z",
                            "force_detach_policies": "false",
                            "id": "iam-myinstance",
                            "name": "iam-myinstance",
                            "path": "/",
                            "unique_id": "AROAIY5E7WODEE6COPJFC"
                        },
                        "meta": {},
                        "tainted": false
                    },
                    "deposed": [],
                    "provider": ""
                },
                "aws_key_pair.keyPair": {
                    "type": "aws_key_pair",
                    "depends_on": [],
                    "primary": {
                        "id": "myinstance",
                        "attributes": {
                            "id": "myinstance",
                            "key_name": "myinstance",
                            "public_key": "ssh-rsa AAAAB3NzaC1yc2EAAAADAQABAAABAQDwfeBjzVH92Cf6LBPAziD+lJtDocOO6Sv/3uPIrWCeK2aG8oboflCCiW0ZM98N9e5glGmeSTgKsDkLSHiboe531hECSRLLzk3ouO7eeUITqcXxhPATZ7YfEtRYrudpq4DYT2jdqVJmBZ5EuDNYKJegnWJAxVwpvS/uqN/GR4MMjr5nH2MbCEHDknUetLMrbqlOly8UWDa9R0xJZbQYi5vHdYuJzvmtNsYj4+stp79K8UE4bAXaOdZ4BS7v4vRm/on+wtZ6tA/VickooxOpXnHbF+fkX/0gvvZyHuvHTKZL7qcz/NOxpgupISQSx7pCJ230JRufoHfcpaoYpj4NLcYL vagrant@ansible"
                        },
                        "meta": {
                            "schema_version": "1"
                        },
                        "tainted": false
                    },
                    "deposed": [],
                    "provider": ""
                },
                "aws_launch_configuration.launchConfiguration": {
                    "type": "aws_launch_configuration",
                    "depends_on": [
                        "aws_iam_instance_profile.instProfile",
                        "aws_key_pair.keyPair",
                        "data.aws_ami.packer-ami",
                        "data.template_file.user_data",
                        "module.instances_sg"
                    ],
                    "primary": {
                        "id": "lc-myinstance20171022235544781200000001",
                        "attributes": {
                            "associate_public_ip_address": "false",
                            "ebs_block_device.#": "0",
                            "ebs_optimized": "false",
                            "enable_monitoring": "true",
                            "ephemeral_block_device.#": "0",
                            "iam_instance_profile": "terraform-20171020211558473400000001",
                            "id": "lc-myinstance20171022235544781200000001",
                            "image_id": "ami-71bb630b",
                            "instance_type": "t2.micro",
                            "key_name": "myinstance",
                            "name": "lc-myinstance20171022235544781200000001",
                            "name_prefix": "lc-myinstance",
                            "root_block_device.#": "0",
                            "security_groups.#": "1",
                            "security_groups.2146148728": "sg-e287eb90",
                            "spot_price": "",
                            "user_data": "fd33b11afe5e01523b72e7e5033c6ad42353da6f",
                            "vpc_classic_link_id": "",
                            "vpc_classic_link_security_groups.#": "0"
                        },
                        "meta": {},
                        "tainted": false
                    },
                    "deposed": [],
                    "provider": ""
                },
                "aws_security_group_rule.allow_connections_from_alb": {
                    "type": "aws_security_group_rule",
                    "depends_on": [
                        "module.instances_sg",
                        "module.loadbalancer_sg"
                    ],
                    "primary": {
                        "id": "sgrule-1457044314",
                        "attributes": {
                            "from_port": "8080",
                            "id": "sgrule-1457044314",
                            "protocol": "tcp",
                            "security_group_id": "sg-e287eb90",
                            "self": "false",
                            "source_security_group_id": "sg-968ee2e4",
                            "to_port": "8080",
                            "type": "ingress"
                        },
                        "meta": {
                            "schema_version": "2"
                        },
                        "tainted": false
                    },
                    "deposed": [],
                    "provider": ""
                },
                "aws_security_group_rule.allow_connections_to_alb": {
                    "type": "aws_security_group_rule",
                    "depends_on": [
                        "module.loadbalancer_sg"
                    ],
                    "primary": {
                        "id": "sgrule-4289825292",
                        "attributes": {
                            "cidr_blocks.#": "1",
                            "cidr_blocks.0": "0.0.0.0/0",
                            "description": "",
                            "from_port": "80",
                            "id": "sgrule-4289825292",
                            "ipv6_cidr_blocks.#": "0",
                            "prefix_list_ids.#": "0",
                            "protocol": "tcp",
                            "security_group_id": "sg-968ee2e4",
                            "self": "false",
                            "to_port": "80",
                            "type": "ingress"
                        },
                        "meta": {
                            "schema_version": "2"
                        },
                        "tainted": false
                    },
                    "deposed": [],
                    "provider": ""
                },
                "data.aws_ami.packer-ami": {
                    "type": "aws_ami",
                    "depends_on": [],
                    "primary": {
                        "id": "ami-71bb630b",
                        "attributes": {
                            "architecture": "x86_64",
                            "block_device_mappings.#": "3",
                            "block_device_mappings.1634610537.device_name": "/dev/sdb",
                            "block_device_mappings.1634610537.ebs.%": "0",
                            "block_device_mappings.1634610537.no_device": "",
                            "block_device_mappings.1634610537.virtual_name": "ephemeral0",
                            "block_device_mappings.2547816212.device_name": "/dev/sda1",
                            "block_device_mappings.2547816212.ebs.%": "6",
                            "block_device_mappings.2547816212.ebs.delete_on_termination": "true",
                            "block_device_mappings.2547816212.ebs.encrypted": "false",
                            "block_device_mappings.2547816212.ebs.iops": "0",
                            "block_device_mappings.2547816212.ebs.snapshot_id": "snap-0d58618aab272c7ed",
                            "block_device_mappings.2547816212.ebs.volume_size": "8",
                            "block_device_mappings.2547816212.ebs.volume_type": "gp2",
                            "block_device_mappings.2547816212.no_device": "",
                            "block_device_mappings.2547816212.virtual_name": "",
                            "block_device_mappings.3850042718.device_name": "/dev/sdc",
                            "block_device_mappings.3850042718.ebs.%": "0",
                            "block_device_mappings.3850042718.no_device": "",
                            "block_device_mappings.3850042718.virtual_name": "ephemeral1",
                            "creation_date": "2017-10-22T23:41:42.000Z",
                            "filter.#": "1",
                            "filter.2304840920.name": "name",
                            "filter.2304840920.values.#": "1",
                            "filter.2304840920.values.0": "packer-*",
                            "hypervisor": "xen",
                            "id": "ami-71bb630b",
                            "image_id": "ami-71bb630b",
                            "image_location": "480169284926/packer-ami 1508715568",
                            "image_type": "machine",
                            "most_recent": "true",
                            "name": "packer-ami 1508715568",
                            "owner_id": "480169284926",
                            "product_codes.#": "0",
                            "public": "false",
                            "root_device_name": "/dev/sda1",
                            "root_device_type": "ebs",
                            "root_snapshot_id": "snap-0d58618aab272c7ed",
                            "sriov_net_support": "simple",
                            "state": "available",
                            "state_reason.%": "2",
                            "state_reason.code": "UNSET",
                            "state_reason.message": "UNSET",
                            "tags.%": "0",
                            "virtualization_type": "hvm"
                        },
                        "meta": {},
                        "tainted": false
                    },
                    "deposed": [],
                    "provider": ""
                },
                "data.aws_iam_policy_document.dataInstancePolicy": {
                    "type": "aws_iam_policy_document",
                    "depends_on": [],
                    "primary": {
                        "id": "1903849331",
                        "attributes": {
                            "id": "1903849331",
                            "json": "{\n  \"Version\": \"2012-10-17\",\n  \"Statement\": [\n    {\n      \"Sid\": \"\",\n      \"Effect\": \"Allow\",\n      \"Action\": \"sts:AssumeRole\",\n      \"Principal\": {\n        \"Service\": \"ec2.amazonaws.com\"\n      }\n    }\n  ]\n}",
                            "statement.#": "1",
                            "statement.0.actions.#": "1",
                            "statement.0.actions.2528466339": "sts:AssumeRole",
                            "statement.0.condition.#": "0",
                            "statement.0.effect": "Allow",
                            "statement.0.not_actions.#": "0",
                            "statement.0.not_principals.#": "0",
                            "statement.0.not_resources.#": "0",
                            "statement.0.principals.#": "1",
                            "statement.0.principals.1134724139.identifiers.#": "1",
                            "statement.0.principals.1134724139.identifiers.3655884555": "ec2.amazonaws.com",
                            "statement.0.principals.1134724139.type": "Service",
                            "statement.0.resources.#": "0",
                            "statement.0.sid": ""
                        },
                        "meta": {},
                        "tainted": false
                    },
                    "deposed": [],
                    "provider": ""
                },
                "data.aws_iam_policy_document.dataPolicy": {
                    "type": "aws_iam_policy_document",
                    "depends_on": [],
                    "primary": {
                        "id": "3600215304",
                        "attributes": {
                            "id": "3600215304",
                            "json": "{\n  \"Version\": \"2012-10-17\",\n  \"Statement\": [\n    {\n      \"Sid\": \"\",\n      \"Effect\": \"Allow\",\n      \"Action\": [\n        \"ec2:DescribeTags\",\n        \"ec2:CreateTags\"\n      ],\n      \"Resource\": \"*\"\n    }\n  ]\n}",
                            "statement.#": "1",
                            "statement.0.actions.#": "2",
                            "statement.0.actions.2396526577": "ec2:CreateTags",
                            "statement.0.actions.810672830": "ec2:DescribeTags",
                            "statement.0.condition.#": "0",
                            "statement.0.effect": "Allow",
                            "statement.0.not_actions.#": "0",
                            "statement.0.not_principals.#": "0",
                            "statement.0.not_resources.#": "0",
                            "statement.0.principals.#": "0",
                            "statement.0.resources.#": "1",
                            "statement.0.resources.2679715827": "*",
                            "statement.0.sid": ""
                        },
                        "meta": {},
                        "tainted": false
                    },
                    "deposed": [],
                    "provider": ""
                },
                "data.template_file.user_data": {
                    "type": "template_file",
                    "depends_on": [],
                    "primary": {
                        "id": "323c9850ce4fb5a708369d075664d94066366321577a3104406ed10e76388d74",
                        "attributes": {
                            "id": "323c9850ce4fb5a708369d075664d94066366321577a3104406ed10e76388d74",
                            "rendered": "#!/bin/bash\nsudo /etc/init.d/app start\n",
                            "template": "#!/bin/bash\nsudo /etc/init.d/app start\n"
                        },
                        "meta": {},
                        "tainted": false
                    },
                    "deposed": [],
                    "provider": ""
                },
                "data.terraform_remote_state.vpc": {
                    "type": "terraform_remote_state",
                    "depends_on": [],
                    "primary": {
                        "id": "2017-10-22 23:55:22.078355148 +0000 UTC",
                        "attributes": {
                            "azs": "us-east-1a,us-east-1b",
                            "backend": "s3",
                            "config.%": "3",
                            "config.bucket": "joujou",
                            "config.key": "vpc/vpc.tfstate",
                            "config.region": "us-east-1",
                            "environment": "default",
                            "id": "2017-10-22 23:55:22.078355148 +0000 UTC",
                            "private_subnets": "subnet-5121a035,subnet-c742a2e8",
                            "public_subnets": "subnet-2d27a649,subnet-4e41a161",
                            "vpc_id": "vpc-4d459935"
                        },
                        "meta": {},
                        "tainted": false
                    },
                    "deposed": [],
                    "provider": ""
                }
            },
            "depends_on": []
        },
        {
            "path": [
                "root",
                "instances_sg"
            ],
            "outputs": {
                "sg_description": {
                    "sensitive": false,
                    "type": "string",
                    "value": "Managed by Terraform"
                },
                "sg_egress": {
                    "sensitive": false,
                    "type": "list",
                    "value": [
                        {
                            "cidr_blocks": [
                                "0.0.0.0/0"
                            ],
                            "description": "",
                            "from_port": "0",
                            "ipv6_cidr_blocks": [],
                            "prefix_list_ids": [],
                            "protocol": "-1",
                            "security_groups": [],
                            "self": "0",
                            "to_port": "0"
                        }
                    ]
                },
                "sg_id": {
                    "sensitive": false,
                    "type": "string",
                    "value": "sg-e287eb90"
                },
                "sg_ingress": {
                    "sensitive": false,
                    "type": "list",
                    "value": []
                },
                "sg_name": {
                    "sensitive": false,
                    "type": "string",
                    "value": "SG-myinstance"
                },
                "sg_owner_id": {
                    "sensitive": false,
                    "type": "string",
                    "value": "480169284926"
                },
                "sg_vpc_id": {
                    "sensitive": false,
                    "type": "string",
                    "value": "vpc-4d459935"
                }
            },
            "resources": {
                "aws_security_group.secGroup": {
                    "type": "aws_security_group",
                    "depends_on": [],
                    "primary": {
                        "id": "sg-e287eb90",
                        "attributes": {
                            "description": "Managed by Terraform",
                            "egress.#": "1",
                            "egress.482069346.cidr_blocks.#": "1",
                            "egress.482069346.cidr_blocks.0": "0.0.0.0/0",
                            "egress.482069346.description": "",
                            "egress.482069346.from_port": "0",
                            "egress.482069346.ipv6_cidr_blocks.#": "0",
                            "egress.482069346.prefix_list_ids.#": "0",
                            "egress.482069346.protocol": "-1",
                            "egress.482069346.security_groups.#": "0",
                            "egress.482069346.self": "false",
                            "egress.482069346.to_port": "0",
                            "id": "sg-e287eb90",
                            "ingress.#": "0",
                            "name": "SG-myinstance",
                            "owner_id": "480169284926",
                            "tags.%": "0",
                            "vpc_id": "vpc-4d459935"
                        },
                        "meta": {},
                        "tainted": false
                    },
                    "deposed": [],
                    "provider": ""
                }
            },
            "depends_on": []
        },
        {
            "path": [
                "root",
                "loadbalancer_sg"
            ],
            "outputs": {
                "sg_description": {
                    "sensitive": false,
                    "type": "string",
                    "value": "Managed by Terraform"
                },
                "sg_egress": {
                    "sensitive": false,
                    "type": "list",
                    "value": [
                        {
                            "cidr_blocks": [
                                "0.0.0.0/0"
                            ],
                            "description": "",
                            "from_port": "0",
                            "ipv6_cidr_blocks": [],
                            "prefix_list_ids": [],
                            "protocol": "-1",
                            "security_groups": [],
                            "self": "0",
                            "to_port": "0"
                        }
                    ]
                },
                "sg_id": {
                    "sensitive": false,
                    "type": "string",
                    "value": "sg-968ee2e4"
                },
                "sg_ingress": {
                    "sensitive": false,
                    "type": "list",
                    "value": [
                        {
                            "cidr_blocks": [
                                "0.0.0.0/0"
                            ],
                            "description": "",
                            "from_port": "80",
                            "ipv6_cidr_blocks": [],
                            "protocol": "tcp",
                            "security_groups": [],
                            "self": "0",
                            "to_port": "80"
                        }
                    ]
                },
                "sg_name": {
                    "sensitive": false,
                    "type": "string",
                    "value": "SG-ALB-myinstance"
                },
                "sg_owner_id": {
                    "sensitive": false,
                    "type": "string",
                    "value": "480169284926"
                },
                "sg_vpc_id": {
                    "sensitive": false,
                    "type": "string",
                    "value": "vpc-4d459935"
                }
            },
            "resources": {
                "aws_security_group.secGroup": {
                    "type": "aws_security_group",
                    "depends_on": [],
                    "primary": {
                        "id": "sg-968ee2e4",
                        "attributes": {
                            "description": "Managed by Terraform",
                            "egress.#": "1",
                            "egress.482069346.cidr_blocks.#": "1",
                            "egress.482069346.cidr_blocks.0": "0.0.0.0/0",
                            "egress.482069346.description": "",
                            "egress.482069346.from_port": "0",
                            "egress.482069346.ipv6_cidr_blocks.#": "0",
                            "egress.482069346.prefix_list_ids.#": "0",
                            "egress.482069346.protocol": "-1",
                            "egress.482069346.security_groups.#": "0",
                            "egress.482069346.self": "false",
                            "egress.482069346.to_port": "0",
                            "id": "sg-968ee2e4",
                            "ingress.#": "1",
                            "ingress.2214680975.cidr_blocks.#": "1",
                            "ingress.2214680975.cidr_blocks.0": "0.0.0.0/0",
                            "ingress.2214680975.description": "",
                            "ingress.2214680975.from_port": "80",
                            "ingress.2214680975.ipv6_cidr_blocks.#": "0",
                            "ingress.2214680975.protocol": "tcp",
                            "ingress.2214680975.security_groups.#": "0",
                            "ingress.2214680975.self": "false",
                            "ingress.2214680975.to_port": "80",
                            "name": "SG-ALB-myinstance",
                            "owner_id": "480169284926",
                            "tags.%": "0",
                            "vpc_id": "vpc-4d459935"
                        },
                        "meta": {},
                        "tainted": false
                    },
                    "deposed": [],
                    "provider": ""
                }
            },
            "depends_on": []
        }
    ]
}
