{
    "version": 3,
    "terraform_version": "0.10.7",
    "serial": 3,
    "lineage": "b03c9382-0af7-498a-bab3-223c5b6cfb93",
    "modules": [
        {
            "path": [
                "root"
            ],
            "outputs": {
                "azs": {
                    "sensitive": false,
                    "type": "string",
                    "value": "us-east-1a,us-east-1b"
                },
                "private_subnets": {
                    "sensitive": false,
                    "type": "string",
                    "value": "subnet-5121a035,subnet-c742a2e8"
                },
                "public_subnets": {
                    "sensitive": false,
                    "type": "string",
                    "value": "subnet-2d27a649,subnet-4e41a161"
                },
                "vpc_id": {
                    "sensitive": false,
                    "type": "string",
                    "value": "vpc-4d459935"
                }
            },
            "resources": {
                "aws_eip.eip_nat": {
                    "type": "aws_eip",
                    "depends_on": [],
                    "primary": {
                        "id": "eipalloc-e84ddbdd",
                        "attributes": {
                            "association_id": "",
                            "domain": "vpc",
                            "id": "eipalloc-e84ddbdd",
                            "instance": "",
                            "network_interface": "",
                            "private_ip": "",
                            "public_ip": "34.233.185.4",
                            "vpc": "true"
                        },
                        "meta": {},
                        "tainted": false
                    },
                    "deposed": [],
                    "provider": ""
                },
                "aws_internet_gateway.gw": {
                    "type": "aws_internet_gateway",
                    "depends_on": [
                        "aws_vpc.main"
                    ],
                    "primary": {
                        "id": "igw-d4a604ad",
                        "attributes": {
                            "id": "igw-d4a604ad",
                            "tags.%": "1",
                            "tags.Name": "main",
                            "vpc_id": "vpc-4d459935"
                        },
                        "meta": {},
                        "tainted": false
                    },
                    "deposed": [],
                    "provider": ""
                },
                "aws_nat_gateway.natgw": {
                    "type": "aws_nat_gateway",
                    "depends_on": [
                        "aws_eip.eip_nat",
                        "aws_subnet.public-subnet.*"
                    ],
                    "primary": {
                        "id": "nat-01e967694ea5ecddc",
                        "attributes": {
                            "allocation_id": "eipalloc-e84ddbdd",
                            "id": "nat-01e967694ea5ecddc",
                            "network_interface_id": "eni-4f709b59",
                            "private_ip": "10.0.3.149",
                            "public_ip": "34.233.185.4",
                            "subnet_id": "subnet-2d27a649",
                            "tags.%": "0"
                        },
                        "meta": {},
                        "tainted": false
                    },
                    "deposed": [],
                    "provider": ""
                },
                "aws_route_table.rt_private": {
                    "type": "aws_route_table",
                    "depends_on": [
                        "aws_nat_gateway.natgw",
                        "aws_vpc.main"
                    ],
                    "primary": {
                        "id": "rtb-609df11a",
                        "attributes": {
                            "id": "rtb-609df11a",
                            "propagating_vgws.#": "0",
                            "route.#": "1",
                            "route.2839618134.cidr_block": "0.0.0.0/0",
                            "route.2839618134.egress_only_gateway_id": "",
                            "route.2839618134.gateway_id": "nat-01e967694ea5ecddc",
                            "route.2839618134.instance_id": "",
                            "route.2839618134.ipv6_cidr_block": "",
                            "route.2839618134.nat_gateway_id": "",
                            "route.2839618134.network_interface_id": "",
                            "route.2839618134.vpc_peering_connection_id": "",
                            "tags.%": "1",
                            "tags.Name": "private_subnets",
                            "vpc_id": "vpc-4d459935"
                        },
                        "meta": {},
                        "tainted": false
                    },
                    "deposed": [],
                    "provider": ""
                },
                "aws_route_table.rt_public": {
                    "type": "aws_route_table",
                    "depends_on": [
                        "aws_internet_gateway.gw",
                        "aws_vpc.main"
                    ],
                    "primary": {
                        "id": "rtb-bb82eec1",
                        "attributes": {
                            "id": "rtb-bb82eec1",
                            "propagating_vgws.#": "0",
                            "route.#": "1",
                            "route.3273578828.cidr_block": "0.0.0.0/0",
                            "route.3273578828.egress_only_gateway_id": "",
                            "route.3273578828.gateway_id": "igw-d4a604ad",
                            "route.3273578828.instance_id": "",
                            "route.3273578828.ipv6_cidr_block": "",
                            "route.3273578828.nat_gateway_id": "",
                            "route.3273578828.network_interface_id": "",
                            "route.3273578828.vpc_peering_connection_id": "",
                            "tags.%": "1",
                            "tags.Name": "public_subnets",
                            "vpc_id": "vpc-4d459935"
                        },
                        "meta": {},
                        "tainted": false
                    },
                    "deposed": [],
                    "provider": ""
                },
                "aws_route_table_association.rt_private.0": {
                    "type": "aws_route_table_association",
                    "depends_on": [
                        "aws_route_table.rt_private",
                        "aws_subnet.private-subnet.*"
                    ],
                    "primary": {
                        "id": "rtbassoc-8505d2f8",
                        "attributes": {
                            "id": "rtbassoc-8505d2f8",
                            "route_table_id": "rtb-609df11a",
                            "subnet_id": "subnet-5121a035"
                        },
                        "meta": {},
                        "tainted": false
                    },
                    "deposed": [],
                    "provider": ""
                },
                "aws_route_table_association.rt_private.1": {
                    "type": "aws_route_table_association",
                    "depends_on": [
                        "aws_route_table.rt_private",
                        "aws_subnet.private-subnet.*"
                    ],
                    "primary": {
                        "id": "rtbassoc-ac06d1d1",
                        "attributes": {
                            "id": "rtbassoc-ac06d1d1",
                            "route_table_id": "rtb-609df11a",
                            "subnet_id": "subnet-c742a2e8"
                        },
                        "meta": {},
                        "tainted": false
                    },
                    "deposed": [],
                    "provider": ""
                },
                "aws_route_table_association.rt_public.0": {
                    "type": "aws_route_table_association",
                    "depends_on": [
                        "aws_route_table.rt_public",
                        "aws_subnet.public-subnet.*"
                    ],
                    "primary": {
                        "id": "rtbassoc-d207d0af",
                        "attributes": {
                            "id": "rtbassoc-d207d0af",
                            "route_table_id": "rtb-bb82eec1",
                            "subnet_id": "subnet-2d27a649"
                        },
                        "meta": {},
                        "tainted": false
                    },
                    "deposed": [],
                    "provider": ""
                },
                "aws_route_table_association.rt_public.1": {
                    "type": "aws_route_table_association",
                    "depends_on": [
                        "aws_route_table.rt_public",
                        "aws_subnet.public-subnet.*"
                    ],
                    "primary": {
                        "id": "rtbassoc-7106d10c",
                        "attributes": {
                            "id": "rtbassoc-7106d10c",
                            "route_table_id": "rtb-bb82eec1",
                            "subnet_id": "subnet-4e41a161"
                        },
                        "meta": {},
                        "tainted": false
                    },
                    "deposed": [],
                    "provider": ""
                },
                "aws_subnet.private-subnet.0": {
                    "type": "aws_subnet",
                    "depends_on": [
                        "aws_vpc.main"
                    ],
                    "primary": {
                        "id": "subnet-5121a035",
                        "attributes": {
                            "assign_ipv6_address_on_creation": "false",
                            "availability_zone": "us-east-1a",
                            "cidr_block": "10.0.1.0/24",
                            "id": "subnet-5121a035",
                            "map_public_ip_on_launch": "false",
                            "tags.%": "1",
                            "tags.Name": "private-us-east-1a",
                            "vpc_id": "vpc-4d459935"
                        },
                        "meta": {
                            "schema_version": "1"
                        },
                        "tainted": false
                    },
                    "deposed": [],
                    "provider": ""
                },
                "aws_subnet.private-subnet.1": {
                    "type": "aws_subnet",
                    "depends_on": [
                        "aws_vpc.main"
                    ],
                    "primary": {
                        "id": "subnet-c742a2e8",
                        "attributes": {
                            "assign_ipv6_address_on_creation": "false",
                            "availability_zone": "us-east-1b",
                            "cidr_block": "10.0.2.0/24",
                            "id": "subnet-c742a2e8",
                            "map_public_ip_on_launch": "false",
                            "tags.%": "1",
                            "tags.Name": "private-us-east-1b",
                            "vpc_id": "vpc-4d459935"
                        },
                        "meta": {
                            "schema_version": "1"
                        },
                        "tainted": false
                    },
                    "deposed": [],
                    "provider": ""
                },
                "aws_subnet.public-subnet.0": {
                    "type": "aws_subnet",
                    "depends_on": [
                        "aws_vpc.main"
                    ],
                    "primary": {
                        "id": "subnet-2d27a649",
                        "attributes": {
                            "assign_ipv6_address_on_creation": "false",
                            "availability_zone": "us-east-1a",
                            "cidr_block": "10.0.3.0/24",
                            "id": "subnet-2d27a649",
                            "map_public_ip_on_launch": "true",
                            "tags.%": "1",
                            "tags.Name": "public-us-east-1a",
                            "vpc_id": "vpc-4d459935"
                        },
                        "meta": {
                            "schema_version": "1"
                        },
                        "tainted": false
                    },
                    "deposed": [],
                    "provider": ""
                },
                "aws_subnet.public-subnet.1": {
                    "type": "aws_subnet",
                    "depends_on": [
                        "aws_vpc.main"
                    ],
                    "primary": {
                        "id": "subnet-4e41a161",
                        "attributes": {
                            "assign_ipv6_address_on_creation": "false",
                            "availability_zone": "us-east-1b",
                            "cidr_block": "10.0.4.0/24",
                            "id": "subnet-4e41a161",
                            "map_public_ip_on_launch": "true",
                            "tags.%": "1",
                            "tags.Name": "public-us-east-1b",
                            "vpc_id": "vpc-4d459935"
                        },
                        "meta": {
                            "schema_version": "1"
                        },
                        "tainted": false
                    },
                    "deposed": [],
                    "provider": ""
                },
                "aws_vpc.main": {
                    "type": "aws_vpc",
                    "depends_on": [],
                    "primary": {
                        "id": "vpc-4d459935",
                        "attributes": {
                            "assign_generated_ipv6_cidr_block": "false",
                            "cidr_block": "10.0.0.0/16",
                            "default_network_acl_id": "acl-90c495e8",
                            "default_route_table_id": "rtb-0d86ea77",
                            "default_security_group_id": "sg-77a7cb05",
                            "dhcp_options_id": "dopt-d93995bf",
                            "enable_classiclink": "false",
                            "enable_classiclink_dns_support": "false",
                            "enable_dns_hostnames": "true",
                            "enable_dns_support": "true",
                            "id": "vpc-4d459935",
                            "instance_tenancy": "default",
                            "main_route_table_id": "rtb-0d86ea77",
                            "tags.%": "1",
                            "tags.Name": "main"
                        },
                        "meta": {
                            "schema_version": "1"
                        },
                        "tainted": false
                    },
                    "deposed": [],
                    "provider": ""
                }
            },
            "depends_on": []
        }
    ]
}
